
Microsoft Visual Studio Solution File, Format Version 11.00
# Visual Studio 2010
Project("{F14B399A-7131-4C87-9E4B-1186C45EF12D}") = "Chapter 09 SSRS", "Chapter 09 SSRS\Chapter 09 SSRS.rptproj", "{2F8ED0E4-0793-4318-8E3C-09FF12E48F20}"
EndProject
Global
	GlobalSection(SolutionConfigurationPlatforms) = preSolution
		Debug|Default = Debug|Default
		DebugLocal|Default = DebugLocal|Default
		Release|Default = Release|Default
	EndGlobalSection
	GlobalSection(ProjectConfigurationPlatforms) = postSolution
		{2F8ED0E4-0793-4318-8E3C-09FF12E48F20}.Debug|Default.ActiveCfg = Debug
		{2F8ED0E4-0793-4318-8E3C-09FF12E48F20}.Debug|Default.Build.0 = DebugLocal
		{2F8ED0E4-0793-4318-8E3C-09FF12E48F20}.Debug|Default.Deploy.0 = DebugLocal
		{2F8ED0E4-0793-4318-8E3C-09FF12E48F20}.DebugLocal|Default.ActiveCfg = DebugLocal
		{2F8ED0E4-0793-4318-8E3C-09FF12E48F20}.DebugLocal|Default.Build.0 = DebugLocal
		{2F8ED0E4-0793-4318-8E3C-09FF12E48F20}.Release|Default.ActiveCfg = Release
		{2F8ED0E4-0793-4318-8E3C-09FF12E48F20}.Release|Default.Build.0 = Release
		{2F8ED0E4-0793-4318-8E3C-09FF12E48F20}.Release|Default.Deploy.0 = Release
	EndGlobalSection
	GlobalSection(SolutionProperties) = preSolution
		HideSolutionNode = FALSE
	EndGlobalSection
EndGlobal
